// !$*UTF8*$!
{
	archiveVersion = 1;
	classes = {
	};
	objectVersion = 56;
	objects = {

/* Begin PBXBuildFile section */
		2CF9D1022CA98FC200497C75 /* FitSyncApp.swift in Sources */ = {isa = PBXBuildFile; fileRef = 2CF9D1012CA98FC200497C75 /* FitSyncApp.swift */; };
		2CF9D1042CA98FC200497C75 /* ContentView.swift in Sources */ = {isa = PBXBuildFile; fileRef = 2CF9D1032CA98FC200497C75 /* ContentView.swift */; };
		2CF9D1062CA98FC300497C75 /* Assets.xcassets in Resources */ = {isa = PBXBuildFile; fileRef = 2CF9D1052CA98FC300497C75 /* Assets.xcassets */; };
		2CF9D1092CA98FC300497C75 /* Preview Assets.xcassets in Resources */ = {isa = PBXBuildFile; fileRef = 2CF9D1082CA98FC300497C75 /* Preview Assets.xcassets */; };
		2CF9D1132CA98FC300497C75 /* FitSyncTests.swift in Sources */ = {isa = PBXBuildFile; fileRef = 2CF9D1122CA98FC300497C75 /* FitSyncTests.swift */; };
		2CF9D11D2CA98FC300497C75 /* FitSyncUITests.swift in Sources */ = {isa = PBXBuildFile; fileRef = 2CF9D11C2CA98FC300497C75 /* FitSyncUITests.swift */; };
		2CF9D11F2CA98FC300497C75 /* FitSyncUITestsLaunchTests.swift in Sources */ = {isa = PBXBuildFile; fileRef = 2CF9D11E2CA98FC300497C75 /* FitSyncUITestsLaunchTests.swift */; };
/* End PBXBuildFile section */

/* Begin PBXContainerItemProxy section */
		2CF9D10F2CA98FC300497C75 /* PBXContainerItemProxy */ = {
			isa = PBXContainerItemProxy;
			containerPortal = 2CF9D0F62CA98FC200497C75 /* Project object */;
			proxyType = 1;
			remoteGlobalIDString = 2CF9D0FD2CA98FC200497C75;
			remoteInfo = FitSync;
		};
		2CF9D1192CA98FC300497C75 /* PBXContainerItemProxy */ = {
			isa = PBXContainerItemProxy;
			containerPortal = 2CF9D0F62CA98FC200497C75 /* Project object */;
			proxyType = 1;
			remoteGlobalIDString = 2CF9D0FD2CA98FC200497C75;
			remoteInfo = FitSync;
		};
/* End PBXContainerItemProxy section */

/* Begin PBXFileReference section */
		2CF9D0FE2CA98FC200497C75 /* FitSync.app */ = {isa = PBXFileReference; explicitFileType = wrapper.application; includeInIndex = 0; path = FitSync.app; sourceTree = BUILT_PRODUCTS_DIR; };
		2CF9D1012CA98FC200497C75 /* FitSyncApp.swift */ = {isa = PBXFileReference; lastKnownFileType = sourcecode.swift; path = FitSyncApp.swift; sourceTree = "<group>"; };
		2CF9D1032CA98FC200497C75 /* ContentView.swift */ = {isa = PBXFileReference; lastKnownFileType = sourcecode.swift; path = ContentView.swift; sourceTree = "<group>"; };
		2CF9D1052CA98FC300497C75 /* Assets.xcassets */ = {isa = PBXFileReference; lastKnownFileType = folder.assetcatalog; path = Assets.xcassets; sourceTree = "<group>"; };
		2CF9D1082CA98FC300497C75 /* Preview Assets.xcassets */ = {isa = PBXFileReference; lastKnownFileType = folder.assetcatalog; path = "Preview Assets.xcassets"; sourceTree = "<group>"; };
		2CF9D10E2CA98FC300497C75 /* FitSyncTests.xctest */ = {isa = PBXFileReference; explicitFileType = wrapper.cfbundle; includeInIndex = 0; path = FitSyncTests.xctest; sourceTree = BUILT_PRODUCTS_DIR; };
		2CF9D1122CA98FC300497C75 /* FitSyncTests.swift */ = {isa = PBXFileReference; lastKnownFileType = sourcecode.swift; path = FitSyncTests.swift; sourceTree = "<group>"; };
		2CF9D1182CA98FC300497C75 /* FitSyncUITests.xctest */ = {isa = PBXFileReference; explicitFileType = wrapper.cfbundle; includeInIndex = 0; path = FitSyncUITests.xctest; sourceTree = BUILT_PRODUCTS_DIR; };
		2CF9D11C2CA98FC300497C75 /* FitSyncUITests.swift */ = {isa = PBXFileReference; lastKnownFileType = sourcecode.swift; path = FitSyncUITests.swift; sourceTree = "<group>"; };
		2CF9D11E2CA98FC300497C75 /* FitSyncUITestsLaunchTests.swift */ = {isa = PBXFileReference; lastKnownFileType = sourcecode.swift; path = FitSyncUITestsLaunchTests.swift; sourceTree = "<group>"; };
/* End PBXFileReference section */

/* Begin PBXFrameworksBuildPhase section */
		2CF9D0FB2CA98FC200497C75 /* Frameworks */ = {
			isa = PBXFrameworksBuildPhase;
			buildActionMask = 2147483647;
			files = (
			);
			runOnlyForDeploymentPostprocessing = 0;
		};
		2CF9D10B2CA98FC300497C75 /* Frameworks */ = {
			isa = PBXFrameworksBuildPhase;
			buildActionMask = 2147483647;
			files = (
			);
			runOnlyForDeploymentPostprocessing = 0;
		};
		2CF9D1152CA98FC300497C75 /* Frameworks */ = {
			isa = PBXFrameworksBuildPhase;
			buildActionMask = 2147483647;
			files = (
			);
			runOnlyForDeploymentPostprocessing = 0;
		};
/* End PBXFrameworksBuildPhase section */

/* Begin PBXGroup section */
		2CF9D0F52CA98FC200497C75 = {
			isa = PBXGroup;
			children = (
				2CF9D1002CA98FC200497C75 /* FitSync */,
				2CF9D1112CA98FC300497C75 /* FitSyncTests */,
				2CF9D11B2CA98FC300497C75 /* FitSyncUITests */,
				2CF9D0FF2CA98FC200497C75 /* Products */,
			);
			sourceTree = "<group>";
		};
		2CF9D0FF2CA98FC200497C75 /* Products */ = {
			isa = PBXGroup;
			children = (
				2CF9D0FE2CA98FC200497C75 /* FitSync.app */,
				2CF9D10E2CA98FC300497C75 /* FitSyncTests.xctest */,
				2CF9D1182CA98FC300497C75 /* FitSyncUITests.xctest */,
			);
			name = Products;
			sourceTree = "<group>";
		};
		2CF9D1002CA98FC200497C75 /* FitSync */ = {
			isa = PBXGroup;
			children = (
				2CF9D1012CA98FC200497C75 /* FitSyncApp.swift */,
				2CF9D1032CA98FC200497C75 /* ContentView.swift */,
				2CF9D1052CA98FC300497C75 /* Assets.xcassets */,
				2CF9D1072CA98FC300497C75 /* Preview Content */,
			);
			path = FitSync;
			sourceTree = "<group>";
		};
		2CF9D1072CA98FC300497C75 /* Preview Content */ = {
			isa = PBXGroup;
			children = (
				2CF9D1082CA98FC300497C75 /* Preview Assets.xcassets */,
			);
			path = "Preview Content";
			sourceTree = "<group>";
		};
		2CF9D1112CA98FC300497C75 /* FitSyncTests */ = {
			isa = PBXGroup;
			children = (
				2CF9D1122CA98FC300497C75 /* FitSyncTests.swift */,
			);
			path = FitSyncTests;
			sourceTree = "<group>";
		};
		2CF9D11B2CA98FC300497C75 /* FitSyncUITests */ = {
			isa = PBXGroup;
			children = (
				2CF9D11C2CA98FC300497C75 /* FitSyncUITests.swift */,
				2CF9D11E2CA98FC300497C75 /* FitSyncUITestsLaunchTests.swift */,
			);
			path = FitSyncUITests;
			sourceTree = "<group>";
		};
/* End PBXGroup section */

/* Begin PBXNativeTarget section */
		2CF9D0FD2CA98FC200497C75 /* FitSync */ = {
			isa = PBXNativeTarget;
			buildConfigurationList = 2CF9D1222CA98FC300497C75 /* Build configuration list for PBXNativeTarget "FitSync" */;
			buildPhases = (
				2CF9D0FA2CA98FC200497C75 /* Sources */,
				2CF9D0FB2CA98FC200497C75 /* Frameworks */,
				2CF9D0FC2CA98FC200497C75 /* Resources */,
			);
			buildRules = (
			);
			dependencies = (
			);
			name = FitSync;
			productName = FitSync;
			productReference = 2CF9D0FE2CA98FC200497C75 /* FitSync.app */;
			productType = "com.apple.product-type.application";
		};
		2CF9D10D2CA98FC300497C75 /* FitSyncTests */ = {
			isa = PBXNativeTarget;
			buildConfigurationList = 2CF9D1252CA98FC300497C75 /* Build configuration list for PBXNativeTarget "FitSyncTests" */;
			buildPhases = (
				2CF9D10A2CA98FC300497C75 /* Sources */,
				2CF9D10B2CA98FC300497C75 /* Frameworks */,
				2CF9D10C2CA98FC300497C75 /* Resources */,
			);
			buildRules = (
			);
			dependencies = (
				2CF9D1102CA98FC300497C75 /* PBXTargetDependency */,
			);
			name = FitSyncTests;
			productName = FitSyncTests;
			productReference = 2CF9D10E2CA98FC300497C75 /* FitSyncTests.xctest */;
			productType = "com.apple.product-type.bundle.unit-test";
		};
		2CF9D1172CA98FC300497C75 /* FitSyncUITests */ = {
			isa = PBXNativeTarget;
			buildConfigurationList = 2CF9D1282CA98FC300497C75 /* Build configuration list for PBXNativeTarget "FitSyncUITests" */;
			buildPhases = (
				2CF9D1142CA98FC300497C75 /* Sources */,
				2CF9D1152CA98FC300497C75 /* Frameworks */,
				2CF9D1162CA98FC300497C75 /* Resources */,
			);
			buildRules = (
			);
			dependencies = (
				2CF9D11A2CA98FC300497C75 /* PBXTargetDependency */,
			);
			name = FitSyncUITests;
			productName = FitSyncUITests;
			productReference = 2CF9D1182CA98FC300497C75 /* FitSyncUITests.xctest */;
			productType = "com.apple.product-type.bundle.ui-testing";
		};
/* End PBXNativeTarget section */

/* Begin PBXProject section */
		2CF9D0F62CA98FC200497C75 /* Project object */ = {
			isa = PBXProject;
			attributes = {
				BuildIndependentTargetsInParallel = 1;
				LastSwiftUpdateCheck = 1540;
				LastUpgradeCheck = 1540;
				TargetAttributes = {
					2CF9D0FD2CA98FC200497C75 = {
						CreatedOnToolsVersion = 15.4;
					};
					2CF9D10D2CA98FC300497C75 = {
						CreatedOnToolsVersion = 15.4;
						TestTargetID = 2CF9D0FD2CA98FC200497C75;
					};
					2CF9D1172CA98FC300497C75 = {
						CreatedOnToolsVersion = 15.4;
						TestTargetID = 2CF9D0FD2CA98FC200497C75;
					};
				};
			};
			buildConfigurationList = 2CF9D0F92CA98FC200497C75 /* Build configuration list for PBXProject "FitSync" */;
			compatibilityVersion = "Xcode 14.0";
			developmentRegion = en;
			hasScannedForEncodings = 0;
			knownRegions = (
				en,
				Base,
			);
			mainGroup = 2CF9D0F52CA98FC200497C75;
			productRefGroup = 2CF9D0FF2CA98FC200497C75 /* Products */;
			projectDirPath = "";
			projectRoot = "";
			targets = (
				2CF9D0FD2CA98FC200497C75 /* FitSync */,
				2CF9D10D2CA98FC300497C75 /* FitSyncTests */,
				2CF9D1172CA98FC300497C75 /* FitSyncUITests */,
			);
		};
/* End PBXProject section */

/* Begin PBXResourcesBuildPhase section */
		2CF9D0FC2CA98FC200497C75 /* Resources */ = {
			isa = PBXResourcesBuildPhase;
			buildActionMask = 2147483647;
			files = (
				2CF9D1092CA98FC300497C75 /* Preview Assets.xcassets in Resources */,
				2CF9D1062CA98FC300497C75 /* Assets.xcassets in Resources */,
			);
			runOnlyForDeploymentPostprocessing = 0;
		};
		2CF9D10C2CA98FC300497C75 /* Resources */ = {
			isa = PBXResourcesBuildPhase;
			buildActionMask = 2147483647;
			files = (
			);
			runOnlyForDeploymentPostprocessing = 0;
		};
		2CF9D1162CA98FC300497C75 /* Resources */ = {
			isa = PBXResourcesBuildPhase;
			buildActionMask = 2147483647;
			files = (
			);
			runOnlyForDeploymentPostprocessing = 0;
		};
/* End PBXResourcesBuildPhase section */

/* Begin PBXSourcesBuildPhase section */
		2CF9D0FA2CA98FC200497C75 /* Sources */ = {
			isa = PBXSourcesBuildPhase;
			buildActionMask = 2147483647;
			files = (
				2CF9D1042CA98FC200497C75 /* ContentView.swift in Sources */,
				2CF9D1022CA98FC200497C75 /* FitSyncApp.swift in Sources */,
			);
			runOnlyForDeploymentPostprocessing = 0;
		};
		2CF9D10A2CA98FC300497C75 /* Sources */ = {
			isa = PBXSourcesBuildPhase;
			buildActionMask = 2147483647;
			files = (
				2CF9D1132CA98FC300497C75 /* FitSyncTests.swift in Sources */,
			);
			runOnlyForDeploymentPostprocessing = 0;
		};
		2CF9D1142CA98FC300497C75 /* Sources */ = {
			isa = PBXSourcesBuildPhase;
			buildActionMask = 2147483647;
			files = (
				2CF9D11D2CA98FC300497C75 /* FitSyncUITests.swift in Sources */,
				2CF9D11F2CA98FC300497C75 /* FitSyncUITestsLaunchTests.swift in Sources */,
			);
			runOnlyForDeploymentPostprocessing = 0;
		};
/* End PBXSourcesBuildPhase section */

/* Begin PBXTargetDependency section */
		2CF9D1102CA98FC300497C75 /* PBXTargetDependency */ = {
			isa = PBXTargetDependency;
			target = 2CF9D0FD2CA98FC200497C75 /* FitSync */;
			targetProxy = 2CF9D10F2CA98FC300497C75 /* PBXContainerItemProxy */;
		};
		2CF9D11A2CA98FC300497C75 /* PBXTargetDependency */ = {
			isa = PBXTargetDependency;
			target = 2CF9D0FD2CA98FC200497C75 /* FitSync */;
			targetProxy = 2CF9D1192CA98FC300497C75 /* PBXContainerItemProxy */;
		};
/* End PBXTargetDependency section */

/* Begin XCBuildConfiguration section */
		2CF9D1202CA98FC300497C75 /* Debug */ = {
			isa = XCBuildConfiguration;
			buildSettings = {
				ALWAYS_SEARCH_USER_PATHS = NO;
				ASSETCATALOG_COMPILER_GENERATE_SWIFT_ASSET_SYMBOL_EXTENSIONS = YES;
				CLANG_ANALYZER_NONNULL = YES;
				CLANG_ANALYZER_NUMBER_OBJECT_CONVERSION = YES_AGGRESSIVE;
				CLANG_CXX_LANGUAGE_STANDARD = "gnu++20";
				CLANG_ENABLE_MODULES = YES;
				CLANG_ENABLE_OBJC_ARC = YES;
				CLANG_ENABLE_OBJC_WEAK = YES;
				CLANG_WARN_BLOCK_CAPTURE_AUTORELEASING = YES;
				CLANG_WARN_BOOL_CONVERSION = YES;
				CLANG_WARN_COMMA = YES;
				CLANG_WARN_CONSTANT_CONVERSION = YES;
				CLANG_WARN_DEPRECATED_OBJC_IMPLEMENTATIONS = YES;
				CLANG_WARN_DIRECT_OBJC_ISA_USAGE = YES_ERROR;
				CLANG_WARN_DOCUMENTATION_COMMENTS = YES;
				CLANG_WARN_EMPTY_BODY = YES;
				CLANG_WARN_ENUM_CONVERSION = YES;
				CLANG_WARN_INFINITE_RECURSION = YES;
				CLANG_WARN_INT_CONVERSION = YES;
				CLANG_WARN_NON_LITERAL_NULL_CONVERSION = YES;
				CLANG_WARN_OBJC_IMPLICIT_RETAIN_SELF = YES;
				CLANG_WARN_OBJC_LITERAL_CONVERSION = YES;
				CLANG_WARN_OBJC_ROOT_CLASS = YES_ERROR;
				CLANG_WARN_QUOTED_INCLUDE_IN_FRAMEWORK_HEADER = YES;
				CLANG_WARN_RANGE_LOOP_ANALYSIS = YES;
				CLANG_WARN_STRICT_PROTOTYPES = YES;
				CLANG_WARN_SUSPICIOUS_MOVE = YES;
				CLANG_WARN_UNGUARDED_AVAILABILITY = YES_AGGRESSIVE;
				CLANG_WARN_UNREACHABLE_CODE = YES;
				CLANG_WARN__DUPLICATE_METHOD_MATCH = YES;
				COPY_PHASE_STRIP = NO;
				DEBUG_INFORMATION_FORMAT = dwarf;
				ENABLE_STRICT_OBJC_MSGSEND = YES;
				ENABLE_TESTABILITY = YES;
				ENABLE_USER_SCRIPT_SANDBOXING = YES;
				GCC_C_LANGUAGE_STANDARD = gnu17;
				GCC_DYNAMIC_NO_PIC = NO;
				GCC_NO_COMMON_BLOCKS = YES;
				GCC_OPTIMIZATION_LEVEL = 0;
				GCC_PREPROCESSOR_DEFINITIONS = (
					"DEBUG=1",
					"$(inherited)",
				);
				GCC_WARN_64_TO_32_BIT_CONVERSION = YES;
				GCC_WARN_ABOUT_RETURN_TYPE = YES_ERROR;
				GCC_WARN_UNDECLARED_SELECTOR = YES;
				GCC_WARN_UNINITIALIZED_AUTOS = YES_AGGRESSIVE;
				GCC_WARN_UNUSED_FUNCTION = YES;
				GCC_WARN_UNUSED_VARIABLE = YES;
				IPHONEOS_DEPLOYMENT_TARGET = 17.5;
				LOCALIZATION_PREFERS_STRING_CATALOGS = YES;
				MTL_ENABLE_DEBUG_INFO = INCLUDE_SOURCE;
				MTL_FAST_MATH = YES;
				ONLY_ACTIVE_ARCH = YES;
				SDKROOT = iphoneos;
				SWIFT_ACTIVE_COMPILATION_CONDITIONS = "DEBUG $(inherited)";
				SWIFT_OPTIMIZATION_LEVEL = "-Onone";
			};
			name = Debug;
		};
		2CF9D1212CA98FC300497C75 /* Release */ = {
			isa = XCBuildConfiguration;
			buildSettings = {
				ALWAYS_SEARCH_USER_PATHS = NO;
				ASSETCATALOG_COMPILER_GENERATE_SWIFT_ASSET_SYMBOL_EXTENSIONS = YES;
				CLANG_ANALYZER_NONNULL = YES;
				CLANG_ANALYZER_NUMBER_OBJECT_CONVERSION = YES_AGGRESSIVE;
				CLANG_CXX_LANGUAGE_STANDARD = "gnu++20";
				CLANG_ENABLE_MODULES = YES;
				CLANG_ENABLE_OBJC_ARC = YES;
				CLANG_ENABLE_OBJC_WEAK = YES;
				CLANG_WARN_BLOCK_CAPTURE_AUTORELEASING = YES;
				CLANG_WARN_BOOL_CONVERSION = YES;
				CLANG_WARN_COMMA = YES;
				CLANG_WARN_CONSTANT_CONVERSION = YES;
				CLANG_WARN_DEPRECATED_OBJC_IMPLEMENTATIONS = YES;
				CLANG_WARN_DIRECT_OBJC_ISA_USAGE = YES_ERROR;
				CLANG_WARN_DOCUMENTATION_COMMENTS = YES;
				CLANG_WARN_EMPTY_BODY = YES;
				CLANG_WARN_ENUM_CONVERSION = YES;
				CLANG_WARN_INFINITE_RECURSION = YES;
				CLANG_WARN_INT_CONVERSION = YES;
				CLANG_WARN_NON_LITERAL_NULL_CONVERSION = YES;
				CLANG_WARN_OBJC_IMPLICIT_RETAIN_SELF = YES;
				CLANG_WARN_OBJC_LITERAL_CONVERSION = YES;
				CLANG_WARN_OBJC_ROOT_CLASS = YES_ERROR;
				CLANG_WARN_QUOTED_INCLUDE_IN_FRAMEWORK_HEADER = YES;
				CLANG_WARN_RANGE_LOOP_ANALYSIS = YES;
				CLANG_WARN_STRICT_PROTOTYPES = YES;
				CLANG_WARN_SUSPICIOUS_MOVE = YES;
				CLANG_WARN_UNGUARDED_AVAILABILITY = YES_AGGRESSIVE;
				CLANG_WARN_UNREACHABLE_CODE = YES;
				CLANG_WARN__DUPLICATE_METHOD_MATCH = YES;
				COPY_PHASE_STRIP = NO;
				DEBUG_INFORMATION_FORMAT = "dwarf-with-dsym";
				ENABLE_NS_ASSERTIONS = NO;
				ENABLE_STRICT_OBJC_MSGSEND = YES;
				ENABLE_USER_SCRIPT_SANDBOXING = YES;
				GCC_C_LANGUAGE_STANDARD = gnu17;
				GCC_NO_COMMON_BLOCKS = YES;
				GCC_WARN_64_TO_32_BIT_CONVERSION = YES;
				GCC_WARN_ABOUT_RETURN_TYPE = YES_ERROR;
				GCC_WARN_UNDECLARED_SELECTOR = YES;
				GCC_WARN_UNINITIALIZED_AUTOS = YES_AGGRESSIVE;
				GCC_WARN_UNUSED_FUNCTION = YES;
				GCC_WARN_UNUSED_VARIABLE = YES;
				IPHONEOS_DEPLOYMENT_TARGET = 17.5;
				LOCALIZATION_PREFERS_STRING_CATALOGS = YES;
				MTL_ENABLE_DEBUG_INFO = NO;
				MTL_FAST_MATH = YES;
				SDKROOT = iphoneos;
				SWIFT_COMPILATION_MODE = wholemodule;
				VALIDATE_PRODUCT = YES;
			};
			name = Release;
		};
		2CF9D1232CA98FC300497C75 /* Debug */ = {
			isa = XCBuildConfiguration;
			buildSettings = {
				ASSETCATALOG_COMPILER_APPICON_NAME = AppIcon;
				ASSETCATALOG_COMPILER_GLOBAL_ACCENT_COLOR_NAME = AccentColor;
				CODE_SIGN_STYLE = Automatic;
				CURRENT_PROJECT_VERSION = 1;
				DEVELOPMENT_ASSET_PATHS = "\"FitSync/Preview Content\"";
				ENABLE_PREVIEWS = YES;
				GENERATE_INFOPLIST_FILE = YES;
				INFOPLIST_KEY_UIApplicationSceneManifest_Generation = YES;
				INFOPLIST_KEY_UIApplicationSupportsIndirectInputEvents = YES;
				INFOPLIST_KEY_UILaunchScreen_Generation = YES;
				INFOPLIST_KEY_UISupportedInterfaceOrientations_iPad = "UIInterfaceOrientationPortrait UIInterfaceOrientationPortraitUpsideDown UIInterfaceOrientationLandscapeLeft UIInterfaceOrientationLandscapeRight";
				INFOPLIST_KEY_UISupportedInterfaceOrientations_iPhone = "UIInterfaceOrientationPortrait UIInterfaceOrientationLandscapeLeft UIInterfaceOrientationLandscapeRight";
				LD_RUNPATH_SEARCH_PATHS = (
					"$(inherited)",
					"@executable_path/Frameworks",
				);
				MARKETING_VERSION = 1.0;
				PRODUCT_BUNDLE_IDENTIFIER = w.FitSync;
				PRODUCT_NAME = "$(TARGET_NAME)";
				SWIFT_EMIT_LOC_STRINGS = YES;
				SWIFT_VERSION = 5.0;
				TARGETED_DEVICE_FAMILY = "1,2";
			};
			name = Debug;
		};
		2CF9D1242CA98FC300497C75 /* Release */ = {
			isa = XCBuildConfiguration;
			buildSettings = {
				ASSETCATALOG_COMPILER_APPICON_NAME = AppIcon;
				ASSETCATALOG_COMPILER_GLOBAL_ACCENT_COLOR_NAME = AccentColor;
				CODE_SIGN_STYLE = Automatic;
				CURRENT_PROJECT_VERSION = 1;
				DEVELOPMENT_ASSET_PATHS = "\"FitSync/Preview Content\"";
				ENABLE_PREVIEWS = YES;
				GENERATE_INFOPLIST_FILE = YES;
				INFOPLIST_KEY_UIApplicationSceneManifest_Generation = YES;
				INFOPLIST_KEY_UIApplicationSupportsIndirectInputEvents = YES;
				INFOPLIST_KEY_UILaunchScreen_Generation = YES;
				INFOPLIST_KEY_UISupportedInterfaceOrientations_iPad = "UIInterfaceOrientationPortrait UIInterfaceOrientationPortraitUpsideDown UIInterfaceOrientationLandscapeLeft UIInterfaceOrientationLandscapeRight";
				INFOPLIST_KEY_UISupportedInterfaceOrientations_iPhone = "UIInterfaceOrientationPortrait UIInterfaceOrientationLandscapeLeft UIInterfaceOrientationLandscapeRight";
				LD_RUNPATH_SEARCH_PATHS = (
					"$(inherited)",
					"@executable_path/Frameworks",
				);
				MARKETING_VERSION = 1.0;
				PRODUCT_BUNDLE_IDENTIFIER = w.FitSync;
				PRODUCT_NAME = "$(TARGET_NAME)";
				SWIFT_EMIT_LOC_STRINGS = YES;
				SWIFT_VERSION = 5.0;
				TARGETED_DEVICE_FAMILY = "1,2";
			};
			name = Release;
		};
		2CF9D1262CA98FC300497C75 /* Debug */ = {
			isa = XCBuildConfiguration;
			buildSettings = {
				ALWAYS_EMBED_SWIFT_STANDARD_LIBRARIES = YES;
				BUNDLE_LOADER = "$(TEST_HOST)";
				CODE_SIGN_STYLE = Automatic;
				CURRENT_PROJECT_VERSION = 1;
				GENERATE_INFOPLIST_FILE = YES;
				IPHONEOS_DEPLOYMENT_TARGET = 17.5;
				MARKETING_VERSION = 1.0;
				PRODUCT_BUNDLE_IDENTIFIER = w.FitSyncTests;
				PRODUCT_NAME = "$(TARGET_NAME)";
				SWIFT_EMIT_LOC_STRINGS = NO;
				SWIFT_VERSION = 5.0;
				TARGETED_DEVICE_FAMILY = "1,2";
				TEST_HOST = "$(BUILT_PRODUCTS_DIR)/FitSync.app/$(BUNDLE_EXECUTABLE_FOLDER_PATH)/FitSync";
			};
			name = Debug;
		};
		2CF9D1272CA98FC300497C75 /* Release */ = {
			isa = XCBuildConfiguration;
			buildSettings = {
				ALWAYS_EMBED_SWIFT_STANDARD_LIBRARIES = YES;
				BUNDLE_LOADER = "$(TEST_HOST)";
				CODE_SIGN_STYLE = Automatic;
				CURRENT_PROJECT_VERSION = 1;
				GENERATE_INFOPLIST_FILE = YES;
				IPHONEOS_DEPLOYMENT_TARGET = 17.5;
				MARKETING_VERSION = 1.0;
				PRODUCT_BUNDLE_IDENTIFIER = w.FitSyncTests;
				PRODUCT_NAME = "$(TARGET_NAME)";
				SWIFT_EMIT_LOC_STRINGS = NO;
				SWIFT_VERSION = 5.0;
				TARGETED_DEVICE_FAMILY = "1,2";
				TEST_HOST = "$(BUILT_PRODUCTS_DIR)/FitSync.app/$(BUNDLE_EXECUTABLE_FOLDER_PATH)/FitSync";
			};
			name = Release;
		};
		2CF9D1292CA98FC300497C75 /* Debug */ = {
			isa = XCBuildConfiguration;
			buildSettings = {
				ALWAYS_EMBED_SWIFT_STANDARD_LIBRARIES = YES;
				CODE_SIGN_STYLE = Automatic;
				CURRENT_PROJECT_VERSION = 1;
				GENERATE_INFOPLIST_FILE = YES;
				MARKETING_VERSION = 1.0;
				PRODUCT_BUNDLE_IDENTIFIER = w.FitSyncUITests;
				PRODUCT_NAME = "$(TARGET_NAME)";
				SWIFT_EMIT_LOC_STRINGS = NO;
				SWIFT_VERSION = 5.0;
				TARGETED_DEVICE_FAMILY = "1,2";
				TEST_TARGET_NAME = FitSync;
			};
			name = Debug;
		};
		2CF9D12A2CA98FC300497C75 /* Release */ = {
			isa = XCBuildConfiguration;
			buildSettings = {
				ALWAYS_EMBED_SWIFT_STANDARD_LIBRARIES = YES;
				CODE_SIGN_STYLE = Automatic;
				CURRENT_PROJECT_VERSION = 1;
				GENERATE_INFOPLIST_FILE = YES;
				MARKETING_VERSION = 1.0;
				PRODUCT_BUNDLE_IDENTIFIER = w.FitSyncUITests;
				PRODUCT_NAME = "$(TARGET_NAME)";
				SWIFT_EMIT_LOC_STRINGS = NO;
				SWIFT_VERSION = 5.0;
				TARGETED_DEVICE_FAMILY = "1,2";
				TEST_TARGET_NAME = FitSync;
			};
			name = Release;
		};
/* End XCBuildConfiguration section */

/* Begin XCConfigurationList section */
		2CF9D0F92CA98FC200497C75 /* Build configuration list for PBXProject "FitSync" */ = {
			isa = XCConfigurationList;
			buildConfigurations = (
				2CF9D1202CA98FC300497C75 /* Debug */,
				2CF9D1212CA98FC300497C75 /* Release */,
			);
			defaultConfigurationIsVisible = 0;
			defaultConfigurationName = Release;
		};
		2CF9D1222CA98FC300497C75 /* Build configuration list for PBXNativeTarget "FitSync" */ = {
			isa = XCConfigurationList;
			buildConfigurations = (
				2CF9D1232CA98FC300497C75 /* Debug */,
				2CF9D1242CA98FC300497C75 /* Release */,
			);
			defaultConfigurationIsVisible = 0;
			defaultConfigurationName = Release;
		};
		2CF9D1252CA98FC300497C75 /* Build configuration list for PBXNativeTarget "FitSyncTests" */ = {
			isa = XCConfigurationList;
			buildConfigurations = (
				2CF9D1262CA98FC300497C75 /* Debug */,
				2CF9D1272CA98FC300497C75 /* Release */,
			);
			defaultConfigurationIsVisible = 0;
			defaultConfigurationName = Release;
		};
		2CF9D1282CA98FC300497C75 /* Build configuration list for PBXNativeTarget "FitSyncUITests" */ = {
			isa = XCConfigurationList;
			buildConfigurations = (
				2CF9D1292CA98FC300497C75 /* Debug */,
				2CF9D12A2CA98FC300497C75 /* Release */,
			);
			defaultConfigurationIsVisible = 0;
			defaultConfigurationName = Release;
		};
/* End XCConfigurationList section */
	};
	rootObject = 2CF9D0F62CA98FC200497C75 /* Project object */;
}
